
Microsoft Visual Studio Solution File, Format Version 12.00
# Visual Studio Version 16
VisualStudioVersion = 16.0.30907.101
MinimumVisualStudioVersion = 10.0.40219.1
Project("{9A19103F-16F7-4668-BE54-9A1E7A4F7556}") = "CashierSystemAPI", "CashierSystemAPI.csproj", "{ACE86CB1-FDAD-407E-9687-F58C58AA1FBE}"
EndProject
Project("{9A19103F-16F7-4668-BE54-9A1E7A4F7556}") = "JWT-Library", "..\..\JWT-library\JWT-Library\JWT-Library.csproj", "{FAD7A932-D521-46B9-B9A1-933740B59FD5}"
EndProject
Global
	GlobalSection(SolutionConfigurationPlatforms) = preSolution
		Debug|Any CPU = Debug|Any CPU
		Release|Any CPU = Release|Any CPU
	EndGlobalSection
	GlobalSection(ProjectConfigurationPlatforms) = postSolution
		{ACE86CB1-FDAD-407E-9687-F58C58AA1FBE}.Debug|Any CPU.ActiveCfg = Debug|Any CPU
		{ACE86CB1-FDAD-407E-9687-F58C58AA1FBE}.Debug|Any CPU.Build.0 = Debug|Any CPU
		{ACE86CB1-FDAD-407E-9687-F58C58AA1FBE}.Release|Any CPU.ActiveCfg = Release|Any CPU
		{ACE86CB1-FDAD-407E-9687-F58C58AA1FBE}.Release|Any CPU.Build.0 = Release|Any CPU
		{FAD7A932-D521-46B9-B9A1-933740B59FD5}.Debug|Any CPU.ActiveCfg = Debug|Any CPU
		{FAD7A932-D521-46B9-B9A1-933740B59FD5}.Debug|Any CPU.Build.0 = Debug|Any CPU
		{FAD7A932-D521-46B9-B9A1-933740B59FD5}.Release|Any CPU.ActiveCfg = Release|Any CPU
		{FAD7A932-D521-46B9-B9A1-933740B59FD5}.Release|Any CPU.Build.0 = Release|Any CPU
	EndGlobalSection
	GlobalSection(SolutionProperties) = preSolution
		HideSolutionNode = FALSE
	EndGlobalSection
	GlobalSection(ExtensibilityGlobals) = postSolution
		SolutionGuid = {398126D8-1AE8-4715-9959-2187CF845967}
	EndGlobalSection
EndGlobal
